
Microsoft Visual Studio Solution File, Format Version 12.00
# Visual Studio Version 17
VisualStudioVersion = 17.5.33530.505
MinimumVisualStudioVersion = 10.0.40219.1
Project("{9A19103F-16F7-4668-BE54-9A1E7A4F7556}") = "CariUI", "CariUI\CariUI.csproj", "{3081D604-2388-44F4-AB5F-8FCACAAF8FCB}"
EndProject
Project("{9A19103F-16F7-4668-BE54-9A1E7A4F7556}") = "Entities", "Entities\Entities.csproj", "{3FC874F2-05CC-49AF-BD70-20CB5C6816C1}"
EndProject
Project("{9A19103F-16F7-4668-BE54-9A1E7A4F7556}") = "DataAccess", "DataAccess\DataAccess.csproj", "{EF5E3032-96B2-45E8-BF9A-259E030800A8}"
EndProject
Project("{FAE04EC0-301F-11D3-BF4B-00C04F79EFBC}") = "Business", "Business\Business.csproj", "{4DEB48DB-9998-40AD-8C62-60928E6E28F4}"
EndProject
Project("{FAE04EC0-301F-11D3-BF4B-00C04F79EFBC}") = "Core", "Core\Core.csproj", "{223C346F-B50D-4158-AFBF-01CF7DE179C3}"
EndProject
Global
	GlobalSection(SolutionConfigurationPlatforms) = preSolution
		Debug|Any CPU = Debug|Any CPU
		Release|Any CPU = Release|Any CPU
	EndGlobalSection
	GlobalSection(ProjectConfigurationPlatforms) = postSolution
		{3081D604-2388-44F4-AB5F-8FCACAAF8FCB}.Debug|Any CPU.ActiveCfg = Debug|Any CPU
		{3081D604-2388-44F4-AB5F-8FCACAAF8FCB}.Debug|Any CPU.Build.0 = Debug|Any CPU
		{3081D604-2388-44F4-AB5F-8FCACAAF8FCB}.Release|Any CPU.ActiveCfg = Release|Any CPU
		{3081D604-2388-44F4-AB5F-8FCACAAF8FCB}.Release|Any CPU.Build.0 = Release|Any CPU
		{3FC874F2-05CC-49AF-BD70-20CB5C6816C1}.Debug|Any CPU.ActiveCfg = Debug|Any CPU
		{3FC874F2-05CC-49AF-BD70-20CB5C6816C1}.Debug|Any CPU.Build.0 = Debug|Any CPU
		{3FC874F2-05CC-49AF-BD70-20CB5C6816C1}.Release|Any CPU.ActiveCfg = Release|Any CPU
		{3FC874F2-05CC-49AF-BD70-20CB5C6816C1}.Release|Any CPU.Build.0 = Release|Any CPU
		{EF5E3032-96B2-45E8-BF9A-259E030800A8}.Debug|Any CPU.ActiveCfg = Debug|Any CPU
		{EF5E3032-96B2-45E8-BF9A-259E030800A8}.Debug|Any CPU.Build.0 = Debug|Any CPU
		{EF5E3032-96B2-45E8-BF9A-259E030800A8}.Release|Any CPU.ActiveCfg = Release|Any CPU
		{EF5E3032-96B2-45E8-BF9A-259E030800A8}.Release|Any CPU.Build.0 = Release|Any CPU
		{4DEB48DB-9998-40AD-8C62-60928E6E28F4}.Debug|Any CPU.ActiveCfg = Debug|Any CPU
		{4DEB48DB-9998-40AD-8C62-60928E6E28F4}.Debug|Any CPU.Build.0 = Debug|Any CPU
		{4DEB48DB-9998-40AD-8C62-60928E6E28F4}.Release|Any CPU.ActiveCfg = Release|Any CPU
		{4DEB48DB-9998-40AD-8C62-60928E6E28F4}.Release|Any CPU.Build.0 = Release|Any CPU
		{223C346F-B50D-4158-AFBF-01CF7DE179C3}.Debug|Any CPU.ActiveCfg = Debug|Any CPU
		{223C346F-B50D-4158-AFBF-01CF7DE179C3}.Debug|Any CPU.Build.0 = Debug|Any CPU
		{223C346F-B50D-4158-AFBF-01CF7DE179C3}.Release|Any CPU.ActiveCfg = Release|Any CPU
		{223C346F-B50D-4158-AFBF-01CF7DE179C3}.Release|Any CPU.Build.0 = Release|Any CPU
	EndGlobalSection
	GlobalSection(SolutionProperties) = preSolution
		HideSolutionNode = FALSE
	EndGlobalSection
	GlobalSection(ExtensibilityGlobals) = postSolution
		SolutionGuid = {2408B6B6-A700-40A9-BD15-37C7D03E4616}
	EndGlobalSection
EndGlobal
